{
  "name": "typescript-starter",
  "version": "0.1.0",
  "lockfileVersion": 1,
  "requires": true,
  "dependencies": {
    "@types/node": {
      "version": "13.9.4",
      "resolved": "https://registry.npmjs.org/@types/node/-/node-13.9.4.tgz",
      "integrity": "sha512-uzaaDXey/NI2l7kU+xCgWu852Dh/zmf6ZKApc0YQEQpY4DaiZFmLN29E6SLHJfSedj3iNWAndSwfSBpEDadJfg==",
      "dev": true
    },
    "typescript": {
      "version": "3.8.3",
      "resolved": "https://registry.npmjs.org/typescript/-/typescript-3.8.3.tgz",
      "integrity": "sha512-MYlEfn5VrLNsgudQTVJeNaQFUAI7DkhnOjdpAp4T+ku1TfQClewlbSuTVHiA+8skNBgaf02TL/kLOvig4y3G8w==",
      "dev": true
    }
  }
}
